# This file is autogenerated, do not edit; changes may be undone by the next 'dep ensure'.


[[projects]]
  name = "github.com/oklog/ulid"
  packages = ["."]
  revision = "d311cb43c92434ec4072dfbbda3400741d0a6337"
  version = "v0.3.0"

[solve-meta]
  analyzer-name = "dep"
  analyzer-version = 1
  inputs-digest = "d045f4550ebf23a0cc4d2df8b566eb72a15acfa66d3d25350d6fb462f0fea49b"
  solver-name = "gps-cdcl"
  solver-version = 1
